
Microsoft Visual Studio Solution File, Format Version 12.00
# Visual Studio Version 17
VisualStudioVersion = 17.0.31903.59
MinimumVisualStudioVersion = 10.0.40219.1
Project("{FAE04EC0-301F-11D3-BF4B-00C04F79EFBC}") = "AutoChassis", "AutoChassis\AutoChassis.csproj", "{A481868C-FDEF-4080-BBF5-0A91E499B6D3}"
EndProject
Project("{FAE04EC0-301F-11D3-BF4B-00C04F79EFBC}") = "AutoChassis.Tests", "AutoChassis.Tests\AutoChassis.Tests.csproj", "{7176518B-51F5-4B03-89B6-11BF52D6EE6B}"
EndProject
Global
	GlobalSection(SolutionConfigurationPlatforms) = preSolution
		Debug|Any CPU = Debug|Any CPU
		Release|Any CPU = Release|Any CPU
	EndGlobalSection
	GlobalSection(SolutionProperties) = preSolution
		HideSolutionNode = FALSE
	EndGlobalSection
	GlobalSection(ProjectConfigurationPlatforms) = postSolution
		{A481868C-FDEF-4080-BBF5-0A91E499B6D3}.Debug|Any CPU.ActiveCfg = Debug|Any CPU
		{A481868C-FDEF-4080-BBF5-0A91E499B6D3}.Debug|Any CPU.Build.0 = Debug|Any CPU
		{A481868C-FDEF-4080-BBF5-0A91E499B6D3}.Release|Any CPU.ActiveCfg = Release|Any CPU
		{A481868C-FDEF-4080-BBF5-0A91E499B6D3}.Release|Any CPU.Build.0 = Release|Any CPU
		{7176518B-51F5-4B03-89B6-11BF52D6EE6B}.Debug|Any CPU.ActiveCfg = Debug|Any CPU
		{7176518B-51F5-4B03-89B6-11BF52D6EE6B}.Debug|Any CPU.Build.0 = Debug|Any CPU
		{7176518B-51F5-4B03-89B6-11BF52D6EE6B}.Release|Any CPU.ActiveCfg = Release|Any CPU
		{7176518B-51F5-4B03-89B6-11BF52D6EE6B}.Release|Any CPU.Build.0 = Release|Any CPU
	EndGlobalSection
EndGlobal
